
Microsoft Visual Studio Solution File, Format Version 12.00
# Visual Studio Version 16
VisualStudioVersion = 16.0.30320.27
MinimumVisualStudioVersion = 10.0.40219.1
Project("{9A19103F-16F7-4668-BE54-9A1E7A4F7556}") = "NotesExampleApi", "NotesExampleApi\NotesExampleApi.csproj", "{3DBCEEB4-20EF-4449-9EC6-E7FE8DF277C2}"
EndProject
Project("{FAE04EC0-301F-11D3-BF4B-00C04F79EFBC}") = "NotesExampleApi.Tests", "NotesExampleApi.Tests\NotesExampleApi.Tests.csproj", "{1F5A30B1-8EB1-41D6-8D63-33A00372B10C}"
EndProject
Global
	GlobalSection(SolutionConfigurationPlatforms) = preSolution
		Debug|Any CPU = Debug|Any CPU
		Release|Any CPU = Release|Any CPU
	EndGlobalSection
	GlobalSection(ProjectConfigurationPlatforms) = postSolution
		{3DBCEEB4-20EF-4449-9EC6-E7FE8DF277C2}.Debug|Any CPU.ActiveCfg = Debug|Any CPU
		{3DBCEEB4-20EF-4449-9EC6-E7FE8DF277C2}.Debug|Any CPU.Build.0 = Debug|Any CPU
		{3DBCEEB4-20EF-4449-9EC6-E7FE8DF277C2}.Release|Any CPU.ActiveCfg = Release|Any CPU
		{3DBCEEB4-20EF-4449-9EC6-E7FE8DF277C2}.Release|Any CPU.Build.0 = Release|Any CPU
		{1F5A30B1-8EB1-41D6-8D63-33A00372B10C}.Debug|Any CPU.ActiveCfg = Debug|Any CPU
		{1F5A30B1-8EB1-41D6-8D63-33A00372B10C}.Debug|Any CPU.Build.0 = Debug|Any CPU
		{1F5A30B1-8EB1-41D6-8D63-33A00372B10C}.Release|Any CPU.ActiveCfg = Release|Any CPU
		{1F5A30B1-8EB1-41D6-8D63-33A00372B10C}.Release|Any CPU.Build.0 = Release|Any CPU
	EndGlobalSection
	GlobalSection(SolutionProperties) = preSolution
		HideSolutionNode = FALSE
	EndGlobalSection
	GlobalSection(ExtensibilityGlobals) = postSolution
		SolutionGuid = {66EBD4B0-D573-4327-B53F-A4821A7C5A6C}
	EndGlobalSection
EndGlobal
